
Microsoft Visual Studio Solution File, Format Version 12.00
# Visual Studio Version 16
VisualStudioVersion = 16.0.28803.202
MinimumVisualStudioVersion = 10.0.40219.1
Project("{FAE04EC0-301F-11D3-BF4B-00C04F79EFBC}") = "RPG", "RPG\RPG.csproj", "{F7BE60EB-BC8A-4216-AE1B-3F2EE4C4A104}"
EndProject
Project("{FAE04EC0-301F-11D3-BF4B-00C04F79EFBC}") = "Engine", "Engine\Engine.csproj", "{FEA74E23-FA67-4AAF-B159-272B0584B3F7}"
EndProject
Project("{FAE04EC0-301F-11D3-BF4B-00C04F79EFBC}") = "RPG_Console", "RPG_Console\RPG_Console.csproj", "{DA46C717-A7BB-4F1A-80FA-0BE38DDB857A}"
EndProject
Global
	GlobalSection(SolutionConfigurationPlatforms) = preSolution
		Debug|Any CPU = Debug|Any CPU
		Release|Any CPU = Release|Any CPU
	EndGlobalSection
	GlobalSection(ProjectConfigurationPlatforms) = postSolution
		{F7BE60EB-BC8A-4216-AE1B-3F2EE4C4A104}.Debug|Any CPU.ActiveCfg = Debug|Any CPU
		{F7BE60EB-BC8A-4216-AE1B-3F2EE4C4A104}.Debug|Any CPU.Build.0 = Debug|Any CPU
		{F7BE60EB-BC8A-4216-AE1B-3F2EE4C4A104}.Release|Any CPU.ActiveCfg = Release|Any CPU
		{F7BE60EB-BC8A-4216-AE1B-3F2EE4C4A104}.Release|Any CPU.Build.0 = Release|Any CPU
		{FEA74E23-FA67-4AAF-B159-272B0584B3F7}.Debug|Any CPU.ActiveCfg = Debug|Any CPU
		{FEA74E23-FA67-4AAF-B159-272B0584B3F7}.Debug|Any CPU.Build.0 = Debug|Any CPU
		{FEA74E23-FA67-4AAF-B159-272B0584B3F7}.Release|Any CPU.ActiveCfg = Release|Any CPU
		{FEA74E23-FA67-4AAF-B159-272B0584B3F7}.Release|Any CPU.Build.0 = Release|Any CPU
		{DA46C717-A7BB-4F1A-80FA-0BE38DDB857A}.Debug|Any CPU.ActiveCfg = Debug|Any CPU
		{DA46C717-A7BB-4F1A-80FA-0BE38DDB857A}.Debug|Any CPU.Build.0 = Debug|Any CPU
		{DA46C717-A7BB-4F1A-80FA-0BE38DDB857A}.Release|Any CPU.ActiveCfg = Release|Any CPU
		{DA46C717-A7BB-4F1A-80FA-0BE38DDB857A}.Release|Any CPU.Build.0 = Release|Any CPU
	EndGlobalSection
	GlobalSection(SolutionProperties) = preSolution
		HideSolutionNode = FALSE
	EndGlobalSection
	GlobalSection(ExtensibilityGlobals) = postSolution
		SolutionGuid = {C839D64C-22F2-40E6-BCBF-0BECD1117760}
	EndGlobalSection
EndGlobal
